
Microsoft Visual Studio Solution File, Format Version 12.00
# Visual Studio 15
VisualStudioVersion = 15.0.28010.2036
MinimumVisualStudioVersion = 10.0.40219.1
Project("{FAE04EC0-301F-11D3-BF4B-00C04F79EFBC}") = "Generator", "Generator\Generator.csproj", "{1D64964F-C505-4042-AC57-69890669FCCD}"
EndProject
Project("{FAE04EC0-301F-11D3-BF4B-00C04F79EFBC}") = "EdmxParser", "EdmxParser\EdmxParser.csproj", "{3157B2A7-5BE2-453E-8006-138290647EC9}"
EndProject
Project("{FAE04EC0-301F-11D3-BF4B-00C04F79EFBC}") = "WebApplication", "WebApplication\WebApplication.csproj", "{431A83B5-C4BC-4889-8220-D037AFD294F6}"
EndProject
Global
	GlobalSection(SolutionConfigurationPlatforms) = preSolution
		Debug|Any CPU = Debug|Any CPU
		Release|Any CPU = Release|Any CPU
	EndGlobalSection
	GlobalSection(ProjectConfigurationPlatforms) = postSolution
		{1D64964F-C505-4042-AC57-69890669FCCD}.Debug|Any CPU.ActiveCfg = Debug|Any CPU
		{1D64964F-C505-4042-AC57-69890669FCCD}.Debug|Any CPU.Build.0 = Debug|Any CPU
		{1D64964F-C505-4042-AC57-69890669FCCD}.Release|Any CPU.ActiveCfg = Release|Any CPU
		{1D64964F-C505-4042-AC57-69890669FCCD}.Release|Any CPU.Build.0 = Release|Any CPU
		{3157B2A7-5BE2-453E-8006-138290647EC9}.Debug|Any CPU.ActiveCfg = Debug|Any CPU
		{3157B2A7-5BE2-453E-8006-138290647EC9}.Debug|Any CPU.Build.0 = Debug|Any CPU
		{3157B2A7-5BE2-453E-8006-138290647EC9}.Release|Any CPU.ActiveCfg = Release|Any CPU
		{3157B2A7-5BE2-453E-8006-138290647EC9}.Release|Any CPU.Build.0 = Release|Any CPU
		{431A83B5-C4BC-4889-8220-D037AFD294F6}.Debug|Any CPU.ActiveCfg = Debug|Any CPU
		{431A83B5-C4BC-4889-8220-D037AFD294F6}.Debug|Any CPU.Build.0 = Debug|Any CPU
		{431A83B5-C4BC-4889-8220-D037AFD294F6}.Release|Any CPU.ActiveCfg = Release|Any CPU
		{431A83B5-C4BC-4889-8220-D037AFD294F6}.Release|Any CPU.Build.0 = Release|Any CPU
	EndGlobalSection
	GlobalSection(SolutionProperties) = preSolution
		HideSolutionNode = FALSE
	EndGlobalSection
	GlobalSection(ExtensibilityGlobals) = postSolution
		SolutionGuid = {A1EA0E3D-C5CB-4C49-8709-92FE4BAD5F23}
	EndGlobalSection
EndGlobal
